
Microsoft Visual Studio Solution File, Format Version 12.00
# Visual Studio Version 16
VisualStudioVersion = 16.0.30523.141
MinimumVisualStudioVersion = 10.0.40219.1
Project("{FAE04EC0-301F-11D3-BF4B-00C04F79EFBC}") = "ServiceReservasi", "ServiceReservasi.csproj", "{B1A5E3F4-ABFF-46DB-9F07-4DE8ACD94CB0}"
EndProject
Global
	GlobalSection(SolutionConfigurationPlatforms) = preSolution
		Debug|Any CPU = Debug|Any CPU
		Release|Any CPU = Release|Any CPU
	EndGlobalSection
	GlobalSection(ProjectConfigurationPlatforms) = postSolution
		{B1A5E3F4-ABFF-46DB-9F07-4DE8ACD94CB0}.Debug|Any CPU.ActiveCfg = Debug|Any CPU
		{B1A5E3F4-ABFF-46DB-9F07-4DE8ACD94CB0}.Debug|Any CPU.Build.0 = Debug|Any CPU
		{B1A5E3F4-ABFF-46DB-9F07-4DE8ACD94CB0}.Release|Any CPU.ActiveCfg = Release|Any CPU
		{B1A5E3F4-ABFF-46DB-9F07-4DE8ACD94CB0}.Release|Any CPU.Build.0 = Release|Any CPU
	EndGlobalSection
	GlobalSection(SolutionProperties) = preSolution
		HideSolutionNode = FALSE
	EndGlobalSection
	GlobalSection(ExtensibilityGlobals) = postSolution
		SolutionGuid = {288B2CBF-16A8-4E45-BB76-5B401281AA9B}
	EndGlobalSection
EndGlobal
